PODS:
  - Flutter (1.0.0)
  - flutter_blue (0.0.1):
    - Flutter
    - flutter_blue/Protos (= 0.0.1)
  - flutter_blue/Protos (0.0.1):
    - Flutter
    - Protobuf (~> 3.11.4)
  - flutter_local_notifications (0.0.1):
    - Flutter
  - fluttertoast (0.0.2):
    - Flutter
    - Toast
  - package_info (0.0.1):
    - Flutter
  - path_provider (0.0.1):
    - Flutter
  - Protobuf (3.11.4)
  - qrcode_flutter (0.0.1):
    - Flutter
  - Toast (4.0.0)

DEPENDENCIES:
  - Flutter (from `Flutter`)
  - flutter_blue (from `.symlinks/plugins/flutter_blue/ios`)
  - flutter_local_notifications (from `.symlinks/plugins/flutter_local_notifications/ios`)
  - fluttertoast (from `.symlinks/plugins/fluttertoast/ios`)
  - package_info (from `.symlinks/plugins/package_info/ios`)
  - path_provider (from `.symlinks/plugins/path_provider/ios`)
  - qrcode_flutter (from `.symlinks/plugins/qrcode_flutter/ios`)

SPEC REPOS:
  trunk:
    - Protobuf
    - Toast

EXTERNAL SOURCES:
  Flutter:
    :path: Flutter
  flutter_blue:
    :path: ".symlinks/plugins/flutter_blue/ios"
  flutter_local_notifications:
    :path: ".symlinks/plugins/flutter_local_notifications/ios"
  fluttertoast:
    :path: ".symlinks/plugins/fluttertoast/ios"
  package_info:
    :path: ".symlinks/plugins/package_info/ios"
  path_provider:
    :path: ".symlinks/plugins/path_provider/ios"
  qrcode_flutter:
    :path: ".symlinks/plugins/qrcode_flutter/ios"

SPEC CHECKSUMS:
  Flutter: 0e3d915762c693b495b44d77113d4970485de6ec
  flutter_blue: eeb381dc4727a0954dede73515f683865494b370
  flutter_local_notifications: 9e4738ce2471c5af910d961a6b7eadcf57c50186
  fluttertoast: 6122fa75143e992b1d3470f61000f591a798cc58
  package_info: 873975fc26034f0b863a300ad47e7f1ac6c7ec62
  path_provider: abfe2b5c733d04e238b0d8691db0cfd63a27a93c
  Protobuf: 176220c526ad8bd09ab1fb40a978eac3fef665f7
  qrcode_flutter: de88a439c5eebe01b38b647af520e674770d4462
  Toast: 91b396c56ee72a5790816f40d3a94dd357abc196

PODFILE CHECKSUM: 00e70af9364df0f0657fff625a69d9f86507ba75

COCOAPODS: 1.9.3
